github.com/kr/fs v0.1.0 h1:Jskdu9ieNAYnjxsi0LbQp1ulIKZV1LAFgK1tWhpZgl8=
github.com/kr/fs v0.1.0/go.mod h1:FFnZGqtBN9Gxj7eW1uZ42v5BccTP0vu6NEaFoC2HwRg=
github.com/pkg/sftp v1.13.10 h1:+5FbKNTe5Z9aspU88DPIKJ9z2KZoaGCu6Sr6kKR/5mU=
github.com/pkg/sftp v1.13.10/go.mod h1:bJ1a7uDhrX/4OII+agvy28lzRvQrmIQuaHrcI1HbeGA=
github.com/quic-go/go-ossfuzz-seeds v0.1.0 h1:APacT+iIaNF6fd8AGEiN3bT/Jtkd2jz4v4TzM7MFjy0=
github.com/quic-go/go-ossfuzz-seeds v0.1.0/go.mod h1:3IOHRbJIc+L6YKMwfDtJAM9Vj9k0YY4muhuyUYk5tbk=
github.com/quic-go/qpack v0.6.0 h1:g7W+BMYynC1LbYLSqRt8PBg5Tgwxn214ZZR34VIOjz8=
github.com/quic-go/qpack v0.6.0/go.mod h1:lUpLKChi8njB4ty2bFLX2x4gzDqXwUpaO1DP9qMDZII=
github.com/quic-go/quic-go v0.62.0 h1:ZHDjCk5OacATwGvs8PWE97CTvX7AqZiVoW7++ZOXTf8=
github.com/quic-go/quic-go v0.62.0/go.mod h1:RAro2j2yN9a9EiPACLHT9IB2NXCvGQmmo/alT0yYI0w=
github.com/stretchr/testify v1.12.1 h1:EuwCh5fleGS7H32xRwO3wRGT7DxrDhLAT6FF8MpWDWE=
github.com/stretchr/testify v1.12.1/go.mod h1:MDEgiDPPsNp5cuIrHPPCyornHKgEVbtFUmoNlxoYthg=
github.com/visvasity/appdirs v0.0.0-20260906163548-5bcbed2142de h1:XkCwIG0FsPYuN1ce9Pqf7VV+Ebmwm6NHbcPnhFO1TPk=
github.com/visvasity/appdirs v0.0.0-20260906163548-5bcbed2142de/go.mod h1:6G21XEzwLTL5ikW/B221QizjyzV0T+4KZ/2geBiXMFE=
github.com/visvasity/cli v0.0.0-20250729021438-02a4793adfad h1:qC4yIrwF7GYfYfRBUVZhJebzJEHTQrHysgmbNG5s/LU=
github.com/visvasity/cli v0.0.0-20250729021438-02a4793adfad/go.mod h1:ILMwbw7ura6UQfgCh3IIKnXBa267vHTBP/qNn6gAnYA=
github.com/visvasity/httphelp v0.0.0-20260917203019-7046932fd2f0 h1:gpN2rlTf9ITHqxgg3tFZbtwn1witbIt5bB+trqnPDm0=
github.com/visvasity/httphelp v0.0.0-20260917203019-7046932fd2f0/go.mod h1:w4xr1yxeeueVFpuUGdQ8hBwozeXMWxvrWl6+fzGHrfA=
github.com/visvasity/logdir v0.0.0-20260827142731-da26907bec48 h1:Q5oD2qE0KhpoN0I6rvDrP2328ZRv4lcd6AhL1+Stlwk=
github.com/visvasity/logdir v0.0.0-20260827142731-da26907bec48/go.mod h1:F60lXCL/TdkwYiQ850lIsQNbOna2d+skTVT+f1Idg5Q=
github.com/visvasity/runcmd v0.0.0-20260906182823-7f680e156784 h1:OFn5PzqwRpLjySIZ5GM7vKiPtuvvSFJfR3l9V+aJJWI=
github.com/visvasity/runcmd v0.0.0-20260906182823-7f680e156784/go.mod h1:vrpNR86gTsuDuWSwTyCbrP3B+WqU29xLzh/SxNj8vHU=
github.com/visvasity/shcmd v0.0.0-20260530015806-73b805606199 h1:H2bvXp2NJTi+UTsrLZh3J/dkZKTxyyMmyr9zlbJzCuc=
github.com/visvasity/shcmd v0.0.0-20260530015806-73b805606199/go.mod h1:ZQhTliQ9X7ecllr1Z/AzA/74M19Z/b6IfuTPmmY2W74=
github.com/visvasity/unixcmds v0.0.0-20260911033739-93fb4cd05096 h1:LaQSODROm+5aFNrGyiFrdnFonRZBVxJf9oX0BDv7W00=
github.com/visvasity/unixcmds v0.0.0-20260911033739-93fb4cd05096/go.mod h1:7E1I53gggfk/NlUmeucMnkqOHFfsLF3zKossKhf1upM=
go.uber.org/mock v0.5.2 h1:LbtPTcP8A5k9WPXj54PPPbjcI4Y6lhyOZXn+VS7wNko=
go.uber.org/mock v0.5.2/go.mod h1:wLlUxC2vVTPTaE3UD51E0BGOAElKrILxhVSDYQLld5o=
go.yaml.in/yaml/v3 v3.0.5 h1:N6y/pJk8buWs9NY5ERU2HSMfm+IuD/OtfdAnq6kESPw=
go.yaml.in/yaml/v3 v3.0.5/go.mod h1:HVTZu1O7/Vkt2N+BFy8Zza+lnLsABggaTM2ZpNIGuKg=
golang.org/x/crypto v0.54.0 h1:YLIA59K4fiNzHzjnZt2tUJQjQtUWfWbeHBqKtk3eScw=
golang.org/x/crypto v0.54.0/go.mod h1:KWL8ny2AZdGR2cWmzeHrp2azQPGogOv+HeQaVEXC2dk=
golang.org/x/net v0.56.0 h1:Rw8j/hFzGvJUZwNBXnAtf5sVDVt+65SK2C7IxCxZt5o=
golang.org/x/net v0.56.0/go.mod h1:D3Ku6r+V6JROoZK144D2XfMHFcMq/0zSfLelVTCFKec=
golang.org/x/sys v0.47.0 h1:o7XGOvZQCADBQQ4Y7VNq2dRWQR7JmOUW8Kxx4ZsNgWs=
golang.org/x/sys v0.47.0/go.mod h1:4GL1E5IUh+htKOUEOaiffhrAeqysfVGipDYzABqnCmw=
golang.org/x/term v0.45.0 h1:NwWyBmoJCbfTHpxrWoZ9C6/VxOf7ic219I8xZZFdrf0=
golang.org/x/term v0.45.0/go.mod h1:9aqxs0blBcrm/n0L9QW0aRVD+ktan8ssZromtqJC43w=
golang.org/x/text v0.40.0 h1:Ub2Z6/xjgF1WrYQz2nuITOEegKFtiIy+rieRJ5lHZKs=
golang.org/x/text v0.40.0/go.mod h1:hpnzDAfGV753zIKo+wk3u1bVKCGPbrnF7+7LBF/UHVY=
